
Microsoft Visual Studio Solution File, Format Version 10.00
# Visual C++ Express 2008
Project("{8BC9CEB8-8B4A-11D0-8D11-00A0C91BC942}") = "Geb.Video.FFmpeg", "src\Geb.Video.FFMPEG\Geb.Video.FFmpeg-VS2008.vcproj", "{9621FC60-8B9C-46E6-909E-87F1BC964436}"
EndProject
Global
	GlobalSection(SolutionConfigurationPlatforms) = preSolution
		Debug|Win32 = Debug|Win32
		Release|Win32 = Release|Win32
	EndGlobalSection
	GlobalSection(ProjectConfigurationPlatforms) = postSolution
		{9621FC60-8B9C-46E6-909E-87F1BC964436}.Debug|Win32.ActiveCfg = Debug|Win32
		{9621FC60-8B9C-46E6-909E-87F1BC964436}.Debug|Win32.Build.0 = Debug|Win32
		{9621FC60-8B9C-46E6-909E-87F1BC964436}.Release|Win32.ActiveCfg = Release|Win32
		{9621FC60-8B9C-46E6-909E-87F1BC964436}.Release|Win32.Build.0 = Release|Win32
	EndGlobalSection
	GlobalSection(SolutionProperties) = preSolution
		HideSolutionNode = FALSE
	EndGlobalSection
EndGlobal
